
Microsoft Visual Studio Solution File, Format Version 12.00
# Visual Studio Version 16
VisualStudioVersion = 16.0.29519.181
MinimumVisualStudioVersion = 10.0.40219.1
Project("{FAE04EC0-301F-11D3-BF4B-00C04F79EFBC}") = "Esercizio11", "Esercizio11\Esercizio11.csproj", "{ED437356-FF75-450F-A6A3-633B9A760F95}"
EndProject
Project("{FAE04EC0-301F-11D3-BF4B-00C04F79EFBC}") = "Metodo", "Metodo\Metodo.csproj", "{BDAAA705-4034-46B0-8A87-690B16D65282}"
EndProject
Global
	GlobalSection(SolutionConfigurationPlatforms) = preSolution
		Debug|Any CPU = Debug|Any CPU
		Release|Any CPU = Release|Any CPU
	EndGlobalSection
	GlobalSection(ProjectConfigurationPlatforms) = postSolution
		{ED437356-FF75-450F-A6A3-633B9A760F95}.Debug|Any CPU.ActiveCfg = Debug|Any CPU
		{ED437356-FF75-450F-A6A3-633B9A760F95}.Debug|Any CPU.Build.0 = Debug|Any CPU
		{ED437356-FF75-450F-A6A3-633B9A760F95}.Release|Any CPU.ActiveCfg = Release|Any CPU
		{ED437356-FF75-450F-A6A3-633B9A760F95}.Release|Any CPU.Build.0 = Release|Any CPU
		{BDAAA705-4034-46B0-8A87-690B16D65282}.Debug|Any CPU.ActiveCfg = Debug|Any CPU
		{BDAAA705-4034-46B0-8A87-690B16D65282}.Debug|Any CPU.Build.0 = Debug|Any CPU
		{BDAAA705-4034-46B0-8A87-690B16D65282}.Release|Any CPU.ActiveCfg = Release|Any CPU
		{BDAAA705-4034-46B0-8A87-690B16D65282}.Release|Any CPU.Build.0 = Release|Any CPU
	EndGlobalSection
	GlobalSection(SolutionProperties) = preSolution
		HideSolutionNode = FALSE
	EndGlobalSection
	GlobalSection(ExtensibilityGlobals) = postSolution
		SolutionGuid = {2D06B01F-90E1-4559-A0B1-A68C9E1DB6D3}
	EndGlobalSection
EndGlobal
